{
  "name": "finctl",
  "version": "1.0.0",
  "lockfileVersion": 3,
  "requires": true,
  "packages": {
    "": {
      "name": "finctl",
      "version": "1.0.0",
      "license": "ISC",
      "dependencies": {
        "@dsb/framework-ui": "github:DSBTERMENGE/framework-frontend"
      },
      "devDependencies": {}
    },
    "node_modules/@dsb/framework-ui": {
      "version": "1.0.0",
      "resolved": "git+ssh://git@github.com/DSBTERMENGE/framework-frontend.git#fbcfa04df2e8d95d5faf03356bdeba3290e21478",
      "license": "ISC"
    }
  }
}
