{
  "name": "finctl",
  "version": "1.0.0",
  "lockfileVersion": 3,
  "requires": true,
  "packages": {
    "": {
      "name": "finctl",
      "version": "1.0.0",
      "license": "ISC",
      "dependencies": {
        "@dsb/framework-ui": "github:DSBTERMENGE/framework-frontend"
      }
    },
    "node_modules/@dsb/framework-ui": {
      "version": "1.0.0",
      "resolved": "git+ssh://git@github.com/DSBTERMENGE/framework-frontend.git#a36a3c048195c4d9c55084db9dbe143e9d49ce44",
      "license": "ISC"
    }
  }
}
